
Microsoft Visual Studio Solution File, Format Version 12.00
# Visual Studio Version 16
VisualStudioVersion = 16.0.31702.278
MinimumVisualStudioVersion = 10.0.40219.1
Project("{FAE04EC0-301F-11D3-BF4B-00C04F79EFBC}") = "StatLogger", "StatLogger.csproj", "{1CEC6D9A-851D-420F-BBBF-C96F627287CA}"
EndProject
Global
	GlobalSection(SolutionConfigurationPlatforms) = preSolution
		Debug|Any CPU = Debug|Any CPU
		Release|Any CPU = Release|Any CPU
	EndGlobalSection
	GlobalSection(ProjectConfigurationPlatforms) = postSolution
		{1CEC6D9A-851D-420F-BBBF-C96F627287CA}.Debug|Any CPU.ActiveCfg = Debug|Any CPU
		{1CEC6D9A-851D-420F-BBBF-C96F627287CA}.Debug|Any CPU.Build.0 = Debug|Any CPU
		{1CEC6D9A-851D-420F-BBBF-C96F627287CA}.Release|Any CPU.ActiveCfg = Release|Any CPU
		{1CEC6D9A-851D-420F-BBBF-C96F627287CA}.Release|Any CPU.Build.0 = Release|Any CPU
	EndGlobalSection
	GlobalSection(SolutionProperties) = preSolution
		HideSolutionNode = FALSE
	EndGlobalSection
	GlobalSection(ExtensibilityGlobals) = postSolution
		SolutionGuid = {03FD9AB7-F5B7-42C1-94A5-ED0AE9D03883}
	EndGlobalSection
EndGlobal
